{
  "version": 4,
  "terraform_version": "1.11.4",
  "serial": 4,
  "lineage": "d1d70273-4c47-d537-9869-0f8002d3084e",
  "outputs": {
    "codeserver_ip": {
      "value": "128.199.170.234",
      "type": "string"
    }
  },
  "resources": [
    {
      "mode": "data",
      "type": "digitalocean_ssh_key",
      "name": "www-1",
      "provider": "provider[\"registry.terraform.io/digitalocean/digitalocean\"]",
      "instances": [
        {
          "schema_version": 0,
          "attributes": {
            "fingerprint": "e2:f5:18:c0:65:32:fa:c2:45:95:f6:13:b7:a6:0f:f4",
            "id": 47044990,
            "name": "www-1",
            "public_key": "ssh-rsa AAAAB3NzaC1yc2EAAAADAQABAAABgQDEiZpOOi5IKT4HjYzXIvXBv1Tou7AVyENznV9gcbswjauGr9J19czTMgptGzIlpLHxI6io+m3tB2ImyoCg6U7B/5zhB1lHWnFSUxrvZUhPgnra9THouNLatOzocafg73+ZHjThsy+rs8GbpLrayr0mgBGjuyzwl0QgVZnVLrUj5hDnyhtJ2f8o44VwlLc0lP21zO3uPCYPMBvuhAmsU2Bfo5gSn+aetIJzRIWFsR0OQuNWvtVg9Cdp+WKbdIgNy7JrTh4GYGpTGLoAeGvoip06L9yX5stQ5Ushz5MQ5yrylfPAbniCcTtYZmrrRORQJXbxyCuVHUQokP3v66FYXaXwFV1Uu894vWwLeDy0F0npe7xKaJwfglEqsh6aStxHCB/nHqeLPzmAAgCSQbdrefm+tG9oTSccOjSyBZLnmMWlhKwWCQsgoVMjDO60QMP5X0LX1uGsy4k0djbAiFx1EL4t+AqN/TVLDAYfbzooXcgAmo2RXI9kZaeeodhsu/iWUgM= root@potato"
          },
          "sensitive_attributes": []
        }
      ]
    },
    {
      "mode": "managed",
      "type": "digitalocean_droplet",
      "name": "codeserver",
      "provider": "provider[\"registry.terraform.io/digitalocean/digitalocean\"]",
      "instances": [
        {
          "schema_version": 1,
          "attributes": {
            "backups": false,
            "created_at": "2025-04-25T19:20:26Z",
            "disk": 25,
            "droplet_agent": null,
            "graceful_shutdown": false,
            "id": "491584609",
            "image": "ubuntu-20-04-x64",
            "ipv4_address": "128.199.170.234",
            "ipv4_address_private": "10.104.0.3",
            "ipv6": false,
            "ipv6_address": "",
            "locked": false,
            "memory": 1024,
            "monitoring": false,
            "name": "codeserver",
            "price_hourly": 0.00893,
            "price_monthly": 6,
            "private_networking": true,
            "region": "sgp1",
            "resize_disk": true,
            "size": "s-1vcpu-1gb",
            "ssh_keys": [
              "47044990"
            ],
            "status": "active",
            "tags": null,
            "timeouts": null,
            "urn": "do:droplet:491584609",
            "user_data": null,
            "vcpus": 1,
            "volume_ids": [],
            "vpc_uuid": "f3c49dcc-5391-4280-ad56-f45a57fff637"
          },
          "sensitive_attributes": [],
          "private": "eyJlMmJmYjczMC1lY2FhLTExZTYtOGY4OC0zNDM2M2JjN2M0YzAiOnsiY3JlYXRlIjozNjAwMDAwMDAwMDAwLCJkZWxldGUiOjYwMDAwMDAwMDAwLCJ1cGRhdGUiOjM2MDAwMDAwMDAwMDB9LCJzY2hlbWFfdmVyc2lvbiI6IjEifQ==",
          "dependencies": [
            "data.digitalocean_ssh_key.www-1"
          ]
        }
      ]
    },
    {
      "mode": "managed",
      "type": "local_file",
      "name": "inventory",
      "provider": "provider[\"registry.terraform.io/hashicorp/local\"]",
      "instances": [
        {
          "schema_version": 0,
          "attributes": {
            "content": "all:\r\n    vars:\r\n        ansible_connection: ssh\r\n        ansible_user: root\r\n        ansible_ssh_private_key: /root/.ssh/id_rsa\r\n    hosts:\r\n        codeserver:\r\n            ansible_host: 128.199.170.234\r\n            codeserver_domain: code-server-128.199.170.234.nip.io\r\n            codeserver_password : your_password",
            "content_base64": null,
            "content_base64sha256": "bLQZyjR+t7vIqU0xjBciQd04CCKWVVKRSMV1J7FefYU=",
            "content_base64sha512": "kCyV7oSR87TGIrbuRyTbgcNqzMRNyDJ2Eu+8gvrN0rEIClcnN+rYk5T0ALz6GCjLK6CfSdxVNEJmRusx3yoJhQ==",
            "content_md5": "caf73d0dda895d66bdc2929d05e84921",
            "content_sha1": "55ec4bf512e611a1f70f234988203293f22c94d0",
            "content_sha256": "6cb419ca347eb7bbc8a94d318c172241dd3808229655529148c57527b15e7d85",
            "content_sha512": "902c95ee8491f3b4c622b6ee4724db81c36accc44dc8327612efbc82facdd2b1080a572737ead89394f400bcfa1828cb2ba09f49dc5534426646eb31df2a0985",
            "directory_permission": "0777",
            "file_permission": "0444",
            "filename": "inventory.yaml",
            "id": "55ec4bf512e611a1f70f234988203293f22c94d0",
            "sensitive_content": null,
            "source": null
          },
          "sensitive_attributes": [
            [
              {
                "type": "get_attr",
                "value": "sensitive_content"
              }
            ]
          ],
          "dependencies": [
            "data.digitalocean_ssh_key.www-1",
            "digitalocean_droplet.codeserver"
          ]
        }
      ]
    },
    {
      "mode": "managed",
      "type": "local_file",
      "name": "root_at_codeserver",
      "provider": "provider[\"registry.terraform.io/hashicorp/local\"]",
      "instances": [
        {
          "schema_version": 0,
          "attributes": {
            "content": "",
            "content_base64": null,
            "content_base64sha256": "47DEQpj8HBSa+/TImW+5JCeuQeRkm5NMpJWZG3hSuFU=",
            "content_base64sha512": "z4PhNX7vuL3xVChQ1m2AB9Yg5AULVxXcg/SpIdNs6c5H0NE8XYXysP+DGNKHfuwvY7kxvUdBeoGlODJ6+SfaPg==",
            "content_md5": "d41d8cd98f00b204e9800998ecf8427e",
            "content_sha1": "da39a3ee5e6b4b0d3255bfef95601890afd80709",
            "content_sha256": "e3b0c44298fc1c149afbf4c8996fb92427ae41e4649b934ca495991b7852b855",
            "content_sha512": "cf83e1357eefb8bdf1542850d66d8007d620e4050b5715dc83f4a921d36ce9ce47d0d13c5d85f2b0ff8318d2877eec2f63b931bd47417a81a538327af927da3e",
            "directory_permission": "0777",
            "file_permission": "0444",
            "filename": "root@128.199.170.234",
            "id": "da39a3ee5e6b4b0d3255bfef95601890afd80709",
            "sensitive_content": null,
            "source": null
          },
          "sensitive_attributes": [
            [
              {
                "type": "get_attr",
                "value": "sensitive_content"
              }
            ]
          ],
          "dependencies": [
            "data.digitalocean_ssh_key.www-1",
            "digitalocean_droplet.codeserver"
          ]
        }
      ]
    }
  ],
  "check_results": null
}
