{
  "version": 4,
  "terraform_version": "1.11.4",
  "serial": 4,
  "lineage": "367d4a24-cf3b-a905-ae9f-52624eb4ff51",
  "outputs": {
    "codeserver_ip": {
      "value": "167.172.68.19",
      "type": "string"
    }
  },
  "resources": [
    {
      "mode": "data",
      "type": "digitalocean_ssh_key",
      "name": "www-1",
      "provider": "provider[\"registry.terraform.io/digitalocean/digitalocean\"]",
      "instances": [
        {
          "schema_version": 0,
          "attributes": {
            "fingerprint": "fd:1c:f8:b2:62:a0:07:39:7d:69:32:cb:7a:14:a9:79",
            "id": 47086049,
            "name": "www-1",
            "public_key": "ssh-rsa AAAAB3NzaC1yc2EAAAADAQABAAABgQCbAsneqdtYfzqEVKZMDSqAbvYSAl6/AmFXJd1sNqqcRG5gvy3LWVDVC2fJ77rte4iG0e5Moa+vTVS96PsSeq/ncmZ2XEogM+KeSGorLCIwXi/5pkBx0UfFB6TTG77ux+X13wDSEYgSytq/5lL+0bMBePXr/f8U+jS08lLacAPgbck+hdaUrwm/ZZky3JocMO2UnjD3gRypGm7sYuvUZ2GiVlFA2Agq1aIwy9JsNSoxLf6czNNsHzT8pNT6cZUrmV20HVwiv02qA3FT+i3b9ZCOgnhf84TJUg/soaRnUj+MyL2MVKv0dws9VR7vyWLOZmeDIc22fL5jloe1PgTmdVyBZx+cIIJ7EnPcnoBz2JHsgM5ccx9r80Bh8zFey9bprpiGyf86Ga3jJLGK4OFGm6lT4DYaCltvj5sSst2WpukRIX/+y5w2QVLp6+AyUCJcHXPhRiR3TpPlqH8Gm9EWlCssnoj6bhK6QcNsxalROn48frpFaYYA8LPhA9Z9N0h0VCk= root@ubuntu-s-1vcpu-2gb-sgp1-01"
          },
          "sensitive_attributes": []
        }
      ]
    },
    {
      "mode": "managed",
      "type": "digitalocean_droplet",
      "name": "codeserver",
      "provider": "provider[\"registry.terraform.io/digitalocean/digitalocean\"]",
      "instances": [
        {
          "schema_version": 1,
          "attributes": {
            "backups": false,
            "created_at": "2025-04-27T16:00:18Z",
            "disk": 25,
            "droplet_agent": null,
            "graceful_shutdown": false,
            "id": "492012202",
            "image": "ubuntu-20-04-x64",
            "ipv4_address": "167.172.68.19",
            "ipv4_address_private": "10.104.0.3",
            "ipv6": false,
            "ipv6_address": "",
            "locked": false,
            "memory": 1024,
            "monitoring": false,
            "name": "codeserver",
            "price_hourly": 0.00893,
            "price_monthly": 6,
            "private_networking": true,
            "region": "sgp1",
            "resize_disk": true,
            "size": "s-1vcpu-1gb",
            "ssh_keys": [
              "47086049"
            ],
            "status": "active",
            "tags": null,
            "timeouts": null,
            "urn": "do:droplet:492012202",
            "user_data": null,
            "vcpus": 1,
            "volume_ids": [],
            "vpc_uuid": "f3c49dcc-5391-4280-ad56-f45a57fff637"
          },
          "sensitive_attributes": [],
          "private": "eyJlMmJmYjczMC1lY2FhLTExZTYtOGY4OC0zNDM2M2JjN2M0YzAiOnsiY3JlYXRlIjozNjAwMDAwMDAwMDAwLCJkZWxldGUiOjYwMDAwMDAwMDAwLCJ1cGRhdGUiOjM2MDAwMDAwMDAwMDB9LCJzY2hlbWFfdmVyc2lvbiI6IjEifQ==",
          "dependencies": [
            "data.digitalocean_ssh_key.www-1"
          ]
        }
      ]
    },
    {
      "mode": "managed",
      "type": "local_file",
      "name": "inventory",
      "provider": "provider[\"registry.terraform.io/hashicorp/local\"]",
      "instances": [
        {
          "schema_version": 0,
          "attributes": {
            "content": "all:\r\n    vars:\r\n        ansible_connection: ssh\r\n        ansible_user: root\r\n        ansible_ssh_private_key: /root/.ssh/id_rsa\r\n    hosts:\r\n        codeserver:\r\n            ansible_host: 167.172.68.19\r\n            codeserver_domain: code-server-167.172.68.19.nip.io\r\n            codeserver_password : password123456",
            "content_base64": null,
            "content_base64sha256": "NZ0L6hK512+XSgQWyJkLCufKCQHmcezC2PlgTO5GQxA=",
            "content_base64sha512": "VWT7Hb1B8mU3jHqQaX38zWvgGG8kwfHk+S56WJlfAm9Jz+9l4OSR4HUnqvxO1ZoHUgvsLWLl9ahUMkgLHxKhQA==",
            "content_md5": "14ca472fa9ad80ed0313e77830dca79e",
            "content_sha1": "7de6cb04cc8a3656889edf0e4e9ec01f14bebed0",
            "content_sha256": "359d0bea12b9d76f974a0416c8990b0ae7ca0901e671ecc2d8f9604cee464310",
            "content_sha512": "5564fb1dbd41f265378c7a90697dfccd6be0186f24c1f1e4f92e7a58995f026f49cfef65e0e491e07527aafc4ed59a07520bec2d62e5f5a85432480b1f12a140",
            "directory_permission": "0777",
            "file_permission": "0444",
            "filename": "inventory.yaml",
            "id": "7de6cb04cc8a3656889edf0e4e9ec01f14bebed0",
            "sensitive_content": null,
            "source": null
          },
          "sensitive_attributes": [
            [
              {
                "type": "get_attr",
                "value": "sensitive_content"
              }
            ]
          ],
          "dependencies": [
            "data.digitalocean_ssh_key.www-1",
            "digitalocean_droplet.codeserver"
          ]
        }
      ]
    },
    {
      "mode": "managed",
      "type": "local_file",
      "name": "root_at_codeserver",
      "provider": "provider[\"registry.terraform.io/hashicorp/local\"]",
      "instances": [
        {
          "schema_version": 0,
          "attributes": {
            "content": "",
            "content_base64": null,
            "content_base64sha256": "47DEQpj8HBSa+/TImW+5JCeuQeRkm5NMpJWZG3hSuFU=",
            "content_base64sha512": "z4PhNX7vuL3xVChQ1m2AB9Yg5AULVxXcg/SpIdNs6c5H0NE8XYXysP+DGNKHfuwvY7kxvUdBeoGlODJ6+SfaPg==",
            "content_md5": "d41d8cd98f00b204e9800998ecf8427e",
            "content_sha1": "da39a3ee5e6b4b0d3255bfef95601890afd80709",
            "content_sha256": "e3b0c44298fc1c149afbf4c8996fb92427ae41e4649b934ca495991b7852b855",
            "content_sha512": "cf83e1357eefb8bdf1542850d66d8007d620e4050b5715dc83f4a921d36ce9ce47d0d13c5d85f2b0ff8318d2877eec2f63b931bd47417a81a538327af927da3e",
            "directory_permission": "0777",
            "file_permission": "0444",
            "filename": "root@167.172.68.19",
            "id": "da39a3ee5e6b4b0d3255bfef95601890afd80709",
            "sensitive_content": null,
            "source": null
          },
          "sensitive_attributes": [
            [
              {
                "type": "get_attr",
                "value": "sensitive_content"
              }
            ]
          ],
          "dependencies": [
            "data.digitalocean_ssh_key.www-1",
            "digitalocean_droplet.codeserver"
          ]
        }
      ]
    }
  ],
  "check_results": null
}
